
Microsoft Visual Studio Solution File, Format Version 12.00
# Visual Studio Version 17
VisualStudioVersion = 17.0.31912.275
MinimumVisualStudioVersion = 10.0.40219.1
Project("{9A19103F-16F7-4668-BE54-9A1E7A4F7556}") = "Day1", "AdventOfCode2022\Day1.csproj", "{FE371337-2325-4C87-80AB-837ED582EA72}"
EndProject
Project("{9A19103F-16F7-4668-BE54-9A1E7A4F7556}") = "Day2", "Day2\Day2.csproj", "{99A39850-6791-432F-BB88-7E7764FF8C46}"
EndProject
Project("{FAE04EC0-301F-11D3-BF4B-00C04F79EFBC}") = "Day3", "Day3\Day3.csproj", "{466B7002-4E76-4CDD-8B85-4AB1846D73BC}"
EndProject
Project("{FAE04EC0-301F-11D3-BF4B-00C04F79EFBC}") = "Day4", "Day4\Day4.csproj", "{6FCAD1AD-D1C2-4BA0-AB44-EA701F041901}"
EndProject
Project("{FAE04EC0-301F-11D3-BF4B-00C04F79EFBC}") = "Day5", "Day5\Day5.csproj", "{9B46229B-7203-46C4-8D15-E1A86E75EBDB}"
EndProject
Global
	GlobalSection(SolutionConfigurationPlatforms) = preSolution
		Debug|Any CPU = Debug|Any CPU
		Release|Any CPU = Release|Any CPU
	EndGlobalSection
	GlobalSection(ProjectConfigurationPlatforms) = postSolution
		{FE371337-2325-4C87-80AB-837ED582EA72}.Debug|Any CPU.ActiveCfg = Debug|Any CPU
		{FE371337-2325-4C87-80AB-837ED582EA72}.Debug|Any CPU.Build.0 = Debug|Any CPU
		{FE371337-2325-4C87-80AB-837ED582EA72}.Release|Any CPU.ActiveCfg = Release|Any CPU
		{FE371337-2325-4C87-80AB-837ED582EA72}.Release|Any CPU.Build.0 = Release|Any CPU
		{99A39850-6791-432F-BB88-7E7764FF8C46}.Debug|Any CPU.ActiveCfg = Debug|Any CPU
		{99A39850-6791-432F-BB88-7E7764FF8C46}.Debug|Any CPU.Build.0 = Debug|Any CPU
		{99A39850-6791-432F-BB88-7E7764FF8C46}.Release|Any CPU.ActiveCfg = Release|Any CPU
		{99A39850-6791-432F-BB88-7E7764FF8C46}.Release|Any CPU.Build.0 = Release|Any CPU
		{466B7002-4E76-4CDD-8B85-4AB1846D73BC}.Debug|Any CPU.ActiveCfg = Debug|Any CPU
		{466B7002-4E76-4CDD-8B85-4AB1846D73BC}.Debug|Any CPU.Build.0 = Debug|Any CPU
		{466B7002-4E76-4CDD-8B85-4AB1846D73BC}.Release|Any CPU.ActiveCfg = Release|Any CPU
		{466B7002-4E76-4CDD-8B85-4AB1846D73BC}.Release|Any CPU.Build.0 = Release|Any CPU
		{6FCAD1AD-D1C2-4BA0-AB44-EA701F041901}.Debug|Any CPU.ActiveCfg = Debug|Any CPU
		{6FCAD1AD-D1C2-4BA0-AB44-EA701F041901}.Debug|Any CPU.Build.0 = Debug|Any CPU
		{6FCAD1AD-D1C2-4BA0-AB44-EA701F041901}.Release|Any CPU.ActiveCfg = Release|Any CPU
		{6FCAD1AD-D1C2-4BA0-AB44-EA701F041901}.Release|Any CPU.Build.0 = Release|Any CPU
		{9B46229B-7203-46C4-8D15-E1A86E75EBDB}.Debug|Any CPU.ActiveCfg = Debug|Any CPU
		{9B46229B-7203-46C4-8D15-E1A86E75EBDB}.Debug|Any CPU.Build.0 = Debug|Any CPU
		{9B46229B-7203-46C4-8D15-E1A86E75EBDB}.Release|Any CPU.ActiveCfg = Release|Any CPU
		{9B46229B-7203-46C4-8D15-E1A86E75EBDB}.Release|Any CPU.Build.0 = Release|Any CPU
	EndGlobalSection
	GlobalSection(SolutionProperties) = preSolution
		HideSolutionNode = FALSE
	EndGlobalSection
	GlobalSection(ExtensibilityGlobals) = postSolution
		SolutionGuid = {EA50F4E9-5060-4EDE-A40F-C1B7444C03A5}
	EndGlobalSection
EndGlobal
